
Microsoft Visual Studio Solution File, Format Version 12.00
# Visual Studio 14
VisualStudioVersion = 14.0.25420.1
MinimumVisualStudioVersion = 10.0.40219.1
Project("{2150E333-8FDC-42A3-9474-1A3956D46DE8}") = "src", "src", "{F576A28C-CD4D-401C-81EE-848D0C9CE20A}"
EndProject
Project("{2150E333-8FDC-42A3-9474-1A3956D46DE8}") = "Solution Items", "Solution Items", "{1230CFC8-E4ED-4BF2-A107-72CFBEF8614A}"
	ProjectSection(SolutionItems) = preProject
		global.json = global.json
	EndProjectSection
EndProject
Project("{8BB2217D-0F2D-49D1-97BC-3654ED321F3B}") = "AspNetCoreContosoUniversity.Sample", "src\AspNetCoreContosoUniversity.Sample\AspNetCoreContosoUniversity.Sample.xproj", "{F1AC40A2-C98C-472B-9E64-14E64AE7AE71}"
EndProject
Global
	GlobalSection(SolutionConfigurationPlatforms) = preSolution
		Debug|Any CPU = Debug|Any CPU
		Release|Any CPU = Release|Any CPU
	EndGlobalSection
	GlobalSection(ProjectConfigurationPlatforms) = postSolution
		{F1AC40A2-C98C-472B-9E64-14E64AE7AE71}.Debug|Any CPU.ActiveCfg = Debug|Any CPU
		{F1AC40A2-C98C-472B-9E64-14E64AE7AE71}.Debug|Any CPU.Build.0 = Debug|Any CPU
		{F1AC40A2-C98C-472B-9E64-14E64AE7AE71}.Release|Any CPU.ActiveCfg = Release|Any CPU
		{F1AC40A2-C98C-472B-9E64-14E64AE7AE71}.Release|Any CPU.Build.0 = Release|Any CPU
	EndGlobalSection
	GlobalSection(SolutionProperties) = preSolution
		HideSolutionNode = FALSE
	EndGlobalSection
	GlobalSection(NestedProjects) = preSolution
		{F1AC40A2-C98C-472B-9E64-14E64AE7AE71} = {F576A28C-CD4D-401C-81EE-848D0C9CE20A}
	EndGlobalSection
EndGlobal
